
Microsoft Visual Studio Solution File, Format Version 10.00
# Visual Studio 2008
Project("{FAE04EC0-301F-11D3-BF4B-00C04F79EFBC}") = "ConsoleMonitor", "ConsoleMonitor\ConsoleMonitor.csproj", "{66B1F365-B8DC-45AD-8FCA-8A07F8219B61}"
EndProject
Global
	GlobalSection(SolutionConfigurationPlatforms) = preSolution
		Debug|Any CPU = Debug|Any CPU
		Release|Any CPU = Release|Any CPU
	EndGlobalSection
	GlobalSection(ProjectConfigurationPlatforms) = postSolution
		{66B1F365-B8DC-45AD-8FCA-8A07F8219B61}.Debug|Any CPU.ActiveCfg = Debug|Any CPU
		{66B1F365-B8DC-45AD-8FCA-8A07F8219B61}.Debug|Any CPU.Build.0 = Debug|Any CPU
		{66B1F365-B8DC-45AD-8FCA-8A07F8219B61}.Release|Any CPU.ActiveCfg = Release|Any CPU
		{66B1F365-B8DC-45AD-8FCA-8A07F8219B61}.Release|Any CPU.Build.0 = Release|Any CPU
	EndGlobalSection
	GlobalSection(SolutionProperties) = preSolution
		HideSolutionNode = FALSE
	EndGlobalSection
EndGlobal
